<?xml version="1.0" encoding="utf-8"?>
<Project ToolsVersion="4.0" xmlns="http://schemas.microsoft.com/developer/msbuild/2003">
  <ItemGroup>
    <Filter Include="Public">
      <UniqueIdentifier>{4935345c-be7d-4919-b21d-5709469436da}</UniqueIdentifier>
    </Filter>
    <Filter Include="Private">
      <UniqueIdentifier>{c9b4fc81-1c0b-4de7-8611-3e72b8aad837}</UniqueIdentifier>
    </Filter>
    <Filter Include="Public\Math">
      <UniqueIdentifier>{3bfa2409-ac8a-4613-9f0f-8fe8c815bffb}</UniqueIdentifier>
    </Filter>
    <Filter Include="Private\Math">
      <UniqueIdentifier>{77fe092f-1f79-4d88-a84d-bd64a666670d}</UniqueIdentifier>
    </Filter>
    <Filter Include="Public\LObject">
      <UniqueIdentifier>{b5693a9e-8907-4989-8cdb-a41897386fdd}</UniqueIdentifier>
    </Filter>
    <Filter Include="Public\Windows">
      <UniqueIdentifier>{902d8788-51dd-4c93-8258-efce708ed696}</UniqueIdentifier>
    </Filter>
    <Filter Include="Public\HAL">
      <UniqueIdentifier>{0a8ca26b-12a4-474f-bedf-b189e83eb520}</UniqueIdentifier>
    </Filter>
    <Filter Include="Public\GenericPlatform">
      <UniqueIdentifier>{0e117497-7a7b-424d-9644-a3aefc37bd8d}</UniqueIdentifier>
    </Filter>
    <Filter Include="Public\Temp">
      <UniqueIdentifier>{8df5e88e-2d3e-4446-a13e-7140a230b58e}</UniqueIdentifier>
    </Filter>
    <Filter Include="Public\RHI">
      <UniqueIdentifier>{c07efb93-297d-4ef6-aa34-ee4660cf1cc7}</UniqueIdentifier>
    </Filter>
    <Filter Include="Shaders">
      <UniqueIdentifier>{dfba1f70-926f-4e41-aff4-4a9ad96bcf5b}</UniqueIdentifier>
    </Filter>
    <Filter Include="ThirdParty">
      <UniqueIdentifier>{19246565-a65c-4beb-bc6f-dd4db48c53c8}</UniqueIdentifier>
    </Filter>
    <Filter Include="ThirdParty\SOIL">
      <UniqueIdentifier>{3d0bbd8d-455e-4914-bea7-e4a2d6ea6943}</UniqueIdentifier>
    </Filter>
    <Filter Include="Public\Templates">
      <UniqueIdentifier>{0f8cff53-a4e7-42a1-a7bd-bffcab832551}</UniqueIdentifier>
    </Filter>
    <Filter Include="Public\Containers">
      <UniqueIdentifier>{7318dc56-2153-4d01-a8e8-ac08b42ad67b}</UniqueIdentifier>
    </Filter>
  </ItemGroup>
  <ItemGroup>
    <ClCompile Include="Private\Math\Math.cpp">
      <Filter>Private\Math</Filter>
    </ClCompile>
    <ClCompile Include="Private\WindowsMain.cpp">
      <Filter>Private</Filter>
    </ClCompile>
    <ClCompile Include="ThirdParty\SOIL\image_DXT.c">
      <Filter>ThirdParty\SOIL</Filter>
    </ClCompile>
    <ClCompile Include="ThirdParty\SOIL\image_helper.c">
      <Filter>ThirdParty\SOIL</Filter>
    </ClCompile>
    <ClCompile Include="ThirdParty\SOIL\SOIL.c">
      <Filter>ThirdParty\SOIL</Filter>
    </ClCompile>
    <ClCompile Include="ThirdParty\SOIL\stb_image_aug.c">
      <Filter>ThirdParty\SOIL</Filter>
    </ClCompile>
  </ItemGroup>
  <ItemGroup>
    <ClInclude Include="Public\Math\Vector.h">
      <Filter>Public\Math</Filter>
    </ClInclude>
    <ClInclude Include="Public\Math\Vector2.h">
      <Filter>Public\Math</Filter>
    </ClInclude>
    <ClInclude Include="Public\Math\Vector4.h">
      <Filter>Public\Math</Filter>
    </ClInclude>
    <ClInclude Include="Public\Math\ClipProjectionMatrix.h">
      <Filter>Public\Math</Filter>
    </ClInclude>
    <ClInclude Include="Public\Math\DirectXMath.h">
      <Filter>Public\Math</Filter>
    </ClInclude>
    <ClInclude Include="Public\Math\Math.h">
      <Filter>Public\Math</Filter>
    </ClInclude>
    <ClInclude Include="Public\Math\Matrix.h">
      <Filter>Public\Math</Filter>
    </ClInclude>
    <ClInclude Include="Public\Math\Plane.h">
      <Filter>Public\Math</Filter>
    </ClInclude>
    <ClInclude Include="Public\Math\Quaternion.h">
      <Filter>Public\Math</Filter>
    </ClInclude>
    <ClInclude Include="Public\Math\ScaleMatrix.h">
      <Filter>Public\Math</Filter>
    </ClInclude>
    <ClInclude Include="Public\Math\TranslationMatrix.h">
      <Filter>Public\Math</Filter>
    </ClInclude>
    <ClInclude Include="Public\CoreTypes.h">
      <Filter>Public</Filter>
    </ClInclude>
    <ClInclude Include="Public\Macros.h">
      <Filter>Public</Filter>
    </ClInclude>
    <ClInclude Include="Public\Sort.h">
      <Filter>Public</Filter>
    </ClInclude>
    <ClInclude Include="Public\Core.h">
      <Filter>Public</Filter>
    </ClInclude>
    <ClInclude Include="Public\CoreFwd.h">
      <Filter>Public</Filter>
    </ClInclude>
    <ClInclude Include="Public\LObject\Object.h">
      <Filter>Public\LObject</Filter>
    </ClInclude>
    <ClInclude Include="Public\Math\PerspectiveMatrix.h">
      <Filter>Public\Math</Filter>
    </ClInclude>
    <ClInclude Include="Public\HAL\Platform.h">
      <Filter>Public\HAL</Filter>
    </ClInclude>
    <ClInclude Include="Public\GenericPlatform\GenericPlatformNativeConsole.h">
      <Filter>Public\GenericPlatform</Filter>
    </ClInclude>
    <ClInclude Include="Public\GenericPlatform\GenericPlatform.h">
      <Filter>Public\GenericPlatform</Filter>
    </ClInclude>
    <ClInclude Include="Public\GenericPlatform\GenericPlatformFile.h">
      <Filter>Public\GenericPlatform</Filter>
    </ClInclude>
    <ClInclude Include="Public\Windows\WindowsPlatform.h">
      <Filter>Public\Windows</Filter>
    </ClInclude>
    <ClInclude Include="Public\Windows\WindowsPlatformNativeConsole.h">
      <Filter>Public\Windows</Filter>
    </ClInclude>
    <ClInclude Include="Public\RHI\Shader.h">
      <Filter>Public\RHI</Filter>
    </ClInclude>
    <ClInclude Include="Public\RHI\StaticMesh.h">
      <Filter>Public\RHI</Filter>
    </ClInclude>
    <ClInclude Include="Public\RHI\Vertex.h">
      <Filter>Public\RHI</Filter>
    </ClInclude>
    <ClInclude Include="Public\Windows\WindowsPlatformTimer.h">
      <Filter>Public\Windows</Filter>
    </ClInclude>
    <ClInclude Include="Public\GenericPlatform\GenericPlatformTimer.h">
      <Filter>Public\GenericPlatform</Filter>
    </ClInclude>
    <ClInclude Include="ThirdParty\SOIL\image_DXT.h">
      <Filter>ThirdParty\SOIL</Filter>
    </ClInclude>
    <ClInclude Include="ThirdParty\SOIL\image_helper.h">
      <Filter>ThirdParty\SOIL</Filter>
    </ClInclude>
    <ClInclude Include="ThirdParty\SOIL\SOIL.h">
      <Filter>ThirdParty\SOIL</Filter>
    </ClInclude>
    <ClInclude Include="ThirdParty\SOIL\stb_image_aug.h">
      <Filter>ThirdParty\SOIL</Filter>
    </ClInclude>
    <ClInclude Include="ThirdParty\SOIL\stbi_DDS_aug.h">
      <Filter>ThirdParty\SOIL</Filter>
    </ClInclude>
    <ClInclude Include="ThirdParty\SOIL\stbi_DDS_aug_c.h">
      <Filter>ThirdParty\SOIL</Filter>
    </ClInclude>
    <ClInclude Include="Public\Temp\MeshData.generated.inl">
      <Filter>Public\Temp</Filter>
    </ClInclude>
    <ClInclude Include="Public\Templates\IsPODType.h">
      <Filter>Public\Templates</Filter>
    </ClInclude>
    <ClInclude Include="Public\Templates\IsTriviallyCopyAssignable.h">
      <Filter>Public\Templates</Filter>
    </ClInclude>
    <ClInclude Include="Public\Templates\IsTriviallyCopyConstructible.h">
      <Filter>Public\Templates</Filter>
    </ClInclude>
    <ClInclude Include="Public\Templates\MemoryOperations.h">
      <Filter>Public\Templates</Filter>
    </ClInclude>
    <ClInclude Include="Public\Templates\TypeTraits.h">
      <Filter>Public\Templates</Filter>
    </ClInclude>
    <ClInclude Include="Public\Templates\IsTriviallyDestructible.h">
      <Filter>Public\Templates</Filter>
    </ClInclude>
    <ClInclude Include="Public\Templates\IsBitwiseConstructible.h">
      <Filter>Public\Templates</Filter>
    </ClInclude>
    <ClInclude Include="Public\Templates\IsTraits.h">
      <Filter>Public\Templates</Filter>
    </ClInclude>
    <ClInclude Include="Public\Containers\StaticArray.h">
      <Filter>Public\Containers</Filter>
    </ClInclude>
    <ClInclude Include="Public\Templates\AlignedBytes.h">
      <Filter>Public\Templates</Filter>
    </ClInclude>
  </ItemGroup>
  <ItemGroup>
    <None Include="Shaders\VertexShader.vert">
      <Filter>Shaders</Filter>
    </None>
    <None Include="Shaders\FragmentShader.frag">
      <Filter>Shaders</Filter>
    </None>
  </ItemGroup>
</Project>